
Microsoft Visual Studio Solution File, Format Version 12.00
# Visual Studio Version 16
VisualStudioVersion = 16.0.29920.165
MinimumVisualStudioVersion = 10.0.40219.1
Project("{FAE04EC0-301F-11D3-BF4B-00C04F79EFBC}") = "UcakSavasOyunu", "UcakSavasOyunu.csproj", "{4FC45EB8-6815-4162-BB0B-EB191437212B}"
EndProject
Project("{FAE04EC0-301F-11D3-BF4B-00C04F79EFBC}") = "Savas.Library", "..\Savas.Library\Savas.Library.csproj", "{D23E57F1-41F5-4482-A81A-96DBA0505ED2}"
EndProject
Global
	GlobalSection(SolutionConfigurationPlatforms) = preSolution
		Debug|Any CPU = Debug|Any CPU
		Release|Any CPU = Release|Any CPU
	EndGlobalSection
	GlobalSection(ProjectConfigurationPlatforms) = postSolution
		{4FC45EB8-6815-4162-BB0B-EB191437212B}.Debug|Any CPU.ActiveCfg = Debug|Any CPU
		{4FC45EB8-6815-4162-BB0B-EB191437212B}.Debug|Any CPU.Build.0 = Debug|Any CPU
		{4FC45EB8-6815-4162-BB0B-EB191437212B}.Release|Any CPU.ActiveCfg = Release|Any CPU
		{4FC45EB8-6815-4162-BB0B-EB191437212B}.Release|Any CPU.Build.0 = Release|Any CPU
		{D23E57F1-41F5-4482-A81A-96DBA0505ED2}.Debug|Any CPU.ActiveCfg = Debug|Any CPU
		{D23E57F1-41F5-4482-A81A-96DBA0505ED2}.Debug|Any CPU.Build.0 = Debug|Any CPU
		{D23E57F1-41F5-4482-A81A-96DBA0505ED2}.Release|Any CPU.ActiveCfg = Release|Any CPU
		{D23E57F1-41F5-4482-A81A-96DBA0505ED2}.Release|Any CPU.Build.0 = Release|Any CPU
	EndGlobalSection
	GlobalSection(SolutionProperties) = preSolution
		HideSolutionNode = FALSE
	EndGlobalSection
	GlobalSection(ExtensibilityGlobals) = postSolution
		SolutionGuid = {0C49B281-918B-4467-AF82-0179DC58CE43}
	EndGlobalSection
EndGlobal
